
Microsoft Visual Studio Solution File, Format Version 12.00
# Visual Studio 14
VisualStudioVersion = 14.0.24720.0
MinimumVisualStudioVersion = 10.0.40219.1
Project("{FAE04EC0-301F-11D3-BF4B-00C04F79EFBC}") = "Lesson9", "Lesson6\Lesson9.csproj", "{0837BB8C-1DA0-4C2B-B81F-67350380F732}"
EndProject
Project("{FAE04EC0-301F-11D3-BF4B-00C04F79EFBC}") = "Money", "..\Money\Money\Money.csproj", "{D61F31F9-382F-47AE-9AD0-1CAA98F08EDF}"
EndProject
Project("{FAE04EC0-301F-11D3-BF4B-00C04F79EFBC}") = "MoneyEntryManagerLib", "..\MoneyEntryManager\MoneyEntryManager\MoneyEntryManagerLib.csproj", "{A30DB0D6-32E9-48D0-BFE7-048157AA12E8}"
EndProject
Project("{FAE04EC0-301F-11D3-BF4B-00C04F79EFBC}") = "FilterLib", "Filter\FilterLib.csproj", "{F7A5B370-11D7-4ED7-88D7-C839BF78A95A}"
EndProject
Global
	GlobalSection(SolutionConfigurationPlatforms) = preSolution
		Debug|Any CPU = Debug|Any CPU
		Release|Any CPU = Release|Any CPU
	EndGlobalSection
	GlobalSection(ProjectConfigurationPlatforms) = postSolution
		{0837BB8C-1DA0-4C2B-B81F-67350380F732}.Debug|Any CPU.ActiveCfg = Debug|Any CPU
		{0837BB8C-1DA0-4C2B-B81F-67350380F732}.Debug|Any CPU.Build.0 = Debug|Any CPU
		{0837BB8C-1DA0-4C2B-B81F-67350380F732}.Release|Any CPU.ActiveCfg = Release|Any CPU
		{0837BB8C-1DA0-4C2B-B81F-67350380F732}.Release|Any CPU.Build.0 = Release|Any CPU
		{D61F31F9-382F-47AE-9AD0-1CAA98F08EDF}.Debug|Any CPU.ActiveCfg = Debug|Any CPU
		{D61F31F9-382F-47AE-9AD0-1CAA98F08EDF}.Debug|Any CPU.Build.0 = Debug|Any CPU
		{D61F31F9-382F-47AE-9AD0-1CAA98F08EDF}.Release|Any CPU.ActiveCfg = Release|Any CPU
		{D61F31F9-382F-47AE-9AD0-1CAA98F08EDF}.Release|Any CPU.Build.0 = Release|Any CPU
		{A30DB0D6-32E9-48D0-BFE7-048157AA12E8}.Debug|Any CPU.ActiveCfg = Debug|Any CPU
		{A30DB0D6-32E9-48D0-BFE7-048157AA12E8}.Debug|Any CPU.Build.0 = Debug|Any CPU
		{A30DB0D6-32E9-48D0-BFE7-048157AA12E8}.Release|Any CPU.ActiveCfg = Release|Any CPU
		{A30DB0D6-32E9-48D0-BFE7-048157AA12E8}.Release|Any CPU.Build.0 = Release|Any CPU
		{F7A5B370-11D7-4ED7-88D7-C839BF78A95A}.Debug|Any CPU.ActiveCfg = Debug|Any CPU
		{F7A5B370-11D7-4ED7-88D7-C839BF78A95A}.Debug|Any CPU.Build.0 = Debug|Any CPU
		{F7A5B370-11D7-4ED7-88D7-C839BF78A95A}.Release|Any CPU.ActiveCfg = Release|Any CPU
		{F7A5B370-11D7-4ED7-88D7-C839BF78A95A}.Release|Any CPU.Build.0 = Release|Any CPU
	EndGlobalSection
	GlobalSection(SolutionProperties) = preSolution
		HideSolutionNode = FALSE
	EndGlobalSection
EndGlobal
